# Module pins: name, git URL, commit. build_mp.py clones a module at its commit
# only when modules/<name> is missing; in the workspace modules/<name> is a
# symlink to the sibling checkout and wins. castif is not here: it lives in
# modules/castif, tracked in this repository. Commits are full SHAs: GitHub
# serves a fetch by commit only for the whole 40 characters.
audiocomponents   https://github.com/PyDevices/audiocomponents.git    883d591784c4560bf6073a1d2d10096cc7f2122f
audiodsp          https://github.com/PyDevices/audiodsp.git           7da36f7bf016236c8df02505a653ea35dc62d600
audioif           https://github.com/PyDevices/audioif.git            b6b35a48a0cd23ddc549f8c0643d77ffe778da28
cameraif          https://github.com/PyDevices/cameraif.git           77b20b128800d5e1e23aab4c131e58f46b12cad2
displayif         https://github.com/PyDevices/displayif.git          b8366781c580da3a1683713e774d4d4e7aaf939f
lvgl-micropython  https://github.com/PyDevices/lvgl-micropython.git   8f7d89d0f8170ef526d5bd798c4bc0d05651309e
palettes          https://github.com/PyDevices/palettes.git           6f0870f0c8a0b48c56d2150b3f800bbbee7761e1
pdwidgets         https://github.com/PyDevices/pdwidgets.git          306c1e20e0c3c63066dab6d10155fcf165a6ba13
pydevices         https://github.com/PyDevices/pydevices.git          36cba5f9da32a9d9005e7fe725ce8bd70aa21921
pygraphics        https://github.com/PyDevices/pygraphics.git         b4d4c49cc2a22cdd2632f2eea2593b4cc4df4db1
ulab              https://github.com/v923z/micropython-ulab.git       1d3ddd8f5228e2c7335dac71f4846e6abb0ec9f9
usbif             https://github.com/PyDevices/usbif.git              2b9397a27ffee21ef0962f291ccdebfcad5b583e
