# Module pins: name, git URL, commit. build_mp.py clones a module at its commit
# only when modules/<name> is missing; in the workspace modules/<name> is a
# symlink to the sibling checkout and wins. castif is not here: it lives in
# modules/castif, tracked in this repository. Commits are full SHAs: GitHub
# serves a fetch by commit only for the whole 40 characters.
audiocomponents   https://github.com/PyDevices/audiocomponents.git    5717213c6bdf7f1cc74212b3bb75a9f66e81bef2
audiodsp          https://github.com/PyDevices/audiodsp.git           79ad4221f66343d22fe5e84bfce2170af37e2b43
audioif           https://github.com/PyDevices/audioif.git            76fc96d64a8c06565d15cd11464b101733aac922
cameraif          https://github.com/PyDevices/cameraif.git           720b5170a609a2bf3a0f103249bbfe9e80eda43e
displayif         https://github.com/PyDevices/displayif.git          be7669ebd3cb1e603d0a9f6b1aba94fa1140ac2c
lvgl-micropython  https://github.com/PyDevices/lvgl-micropython.git   e8aea6672566ff0bbcb62f2f8e91733c31ed4ca1
palettes          https://github.com/PyDevices/palettes.git           f3dfad0bac281f1e8816b30861445498b4137de6
pdwidgets         https://github.com/PyDevices/pdwidgets.git          e92267f2ef938b60ba3b97177ceb2bd0e0d402d3
pydevices         https://github.com/PyDevices/pydevices.git          14c5e59eb46f3368e8775178108bb6fce3fd85ce
pygraphics        https://github.com/PyDevices/pygraphics.git         2d7ca35847db78d450428cdc0cb5aa69ab81c809
ulab              https://github.com/v923z/micropython-ulab.git       1d3ddd8f5228e2c7335dac71f4846e6abb0ec9f9
usbif             https://github.com/PyDevices/usbif.git              b46219fd16da85f1faf99e924f25556f18f153c9
